
Microsoft Visual Studio Solution File, Format Version 12.00
# Visual Studio Version 17
VisualStudioVersion = 17.11.35312.102
MinimumVisualStudioVersion = 10.0.40219.1
Project("{9A19103F-16F7-4668-BE54-9A1E7A4F7556}") = "ProjectTurAgency", "ProjectTurAgency\ProjectTurAgency.csproj", "{CE148916-4790-4C33-90FB-24FA3814E1EA}"
EndProject
Global
	GlobalSection(SolutionConfigurationPlatforms) = preSolution
		Debug|Any CPU = Debug|Any CPU
		Release|Any CPU = Release|Any CPU
	EndGlobalSection
	GlobalSection(ProjectConfigurationPlatforms) = postSolution
		{CE148916-4790-4C33-90FB-24FA3814E1EA}.Debug|Any CPU.ActiveCfg = Debug|Any CPU
		{CE148916-4790-4C33-90FB-24FA3814E1EA}.Debug|Any CPU.Build.0 = Debug|Any CPU
		{CE148916-4790-4C33-90FB-24FA3814E1EA}.Release|Any CPU.ActiveCfg = Release|Any CPU
		{CE148916-4790-4C33-90FB-24FA3814E1EA}.Release|Any CPU.Build.0 = Release|Any CPU
	EndGlobalSection
	GlobalSection(SolutionProperties) = preSolution
		HideSolutionNode = FALSE
	EndGlobalSection
	GlobalSection(ExtensibilityGlobals) = postSolution
		SolutionGuid = {79488181-BB83-4F18-B04D-E27859C1624C}
	EndGlobalSection
EndGlobal
